<?xml version="1.0" encoding="utf-8"?>
<Project ToolsVersion="4.0" xmlns="http://schemas.microsoft.com/developer/msbuild/2003">
  <ItemGroup>
    <Filter Include="OpenEngine">
      <UniqueIdentifier>{ADF3D55D-99AB-17AB-02B3-F006EE89B29B}</UniqueIdentifier>
    </Filter>
    <Filter Include="OpenEngine\Events">
      <UniqueIdentifier>{F11A39CD-5D31-3763-A6A8-C28412FE07EB}</UniqueIdentifier>
    </Filter>
  </ItemGroup>
  <ItemGroup>
    <ClInclude Include="src\OpenEngine.h" />
    <ClInclude Include="src\OpenEngine\Application.h">
      <Filter>OpenEngine</Filter>
    </ClInclude>
    <ClInclude Include="src\OpenEngine\Core.h">
      <Filter>OpenEngine</Filter>
    </ClInclude>
    <ClInclude Include="src\OpenEngine\EntryPoint.h">
      <Filter>OpenEngine</Filter>
    </ClInclude>
    <ClInclude Include="src\OpenEngine\Events\ApplicationEvent.h">
      <Filter>OpenEngine\Events</Filter>
    </ClInclude>
    <ClInclude Include="src\OpenEngine\Events\Event.h">
      <Filter>OpenEngine\Events</Filter>
    </ClInclude>
    <ClInclude Include="src\OpenEngine\Events\KeyEvent.h">
      <Filter>OpenEngine\Events</Filter>
    </ClInclude>
    <ClInclude Include="src\OpenEngine\Events\MouseEvent.h">
      <Filter>OpenEngine\Events</Filter>
    </ClInclude>
    <ClInclude Include="src\OpenEngine\Log.h">
      <Filter>OpenEngine</Filter>
    </ClInclude>
  </ItemGroup>
  <ItemGroup>
    <ClCompile Include="src\OpenEngine\Application.cpp">
      <Filter>OpenEngine</Filter>
    </ClCompile>
    <ClCompile Include="src\OpenEngine\Log.cpp">
      <Filter>OpenEngine</Filter>
    </ClCompile>
  </ItemGroup>
</Project>