<?xml version="1.0" encoding="utf-8"?>
<Project ToolsVersion="4.0" xmlns="http://schemas.microsoft.com/developer/msbuild/2003">
  <ItemGroup>
    <Filter Include="OpenEngine">
      <UniqueIdentifier>{ADF3D55D-99AB-17AB-02B3-F006EE89B29B}</UniqueIdentifier>
    </Filter>
    <Filter Include="OpenEngine\Events">
      <UniqueIdentifier>{F11A39CD-5D31-3763-A6A8-C28412FE07EB}</UniqueIdentifier>
    </Filter>
    <Filter Include="OpenEngine\ImGui">
      <UniqueIdentifier>{97B663A9-83AF-82FB-ACE1-678098396207}</UniqueIdentifier>
    </Filter>
    <Filter Include="Platform">
      <UniqueIdentifier>{2AC788B4-1694-E3BF-3FAD-D1672BD9184E}</UniqueIdentifier>
    </Filter>
    <Filter Include="Platform\Windows">
      <UniqueIdentifier>{64FBD71A-50F4-F66C-7926-DCF1657ED678}</UniqueIdentifier>
    </Filter>
  </ItemGroup>
  <ItemGroup>
    <ClInclude Include="src\OpenEngine.h" />
    <ClInclude Include="src\OpenEngine\Application.h">
      <Filter>OpenEngine</Filter>
    </ClInclude>
    <ClInclude Include="src\OpenEngine\Core.h">
      <Filter>OpenEngine</Filter>
    </ClInclude>
    <ClInclude Include="src\OpenEngine\EntryPoint.h">
      <Filter>OpenEngine</Filter>
    </ClInclude>
    <ClInclude Include="src\OpenEngine\Events\ApplicationEvent.h">
      <Filter>OpenEngine\Events</Filter>
    </ClInclude>
    <ClInclude Include="src\OpenEngine\Events\Event.h">
      <Filter>OpenEngine\Events</Filter>
    </ClInclude>
    <ClInclude Include="src\OpenEngine\Events\KeyEvent.h">
      <Filter>OpenEngine\Events</Filter>
    </ClInclude>
    <ClInclude Include="src\OpenEngine\Events\MouseEvent.h">
      <Filter>OpenEngine\Events</Filter>
    </ClInclude>
    <ClInclude Include="src\OpenEngine\ImGui\ImGuiLayer.h">
      <Filter>OpenEngine\ImGui</Filter>
    </ClInclude>
    <ClInclude Include="src\OpenEngine\Input.h">
      <Filter>OpenEngine</Filter>
    </ClInclude>
    <ClInclude Include="src\OpenEngine\KeyCodes.h">
      <Filter>OpenEngine</Filter>
    </ClInclude>
    <ClInclude Include="src\OpenEngine\Layer.h">
      <Filter>OpenEngine</Filter>
    </ClInclude>
    <ClInclude Include="src\OpenEngine\LayerStack.h">
      <Filter>OpenEngine</Filter>
    </ClInclude>
    <ClInclude Include="src\OpenEngine\Log.h">
      <Filter>OpenEngine</Filter>
    </ClInclude>
    <ClInclude Include="src\OpenEngine\MouseButtonCodes.h">
      <Filter>OpenEngine</Filter>
    </ClInclude>
    <ClInclude Include="src\OpenEngine\Window.h">
      <Filter>OpenEngine</Filter>
    </ClInclude>
    <ClInclude Include="src\Platform\Windows\WindowsInput.h">
      <Filter>Platform\Windows</Filter>
    </ClInclude>
    <ClInclude Include="src\Platform\Windows\WindowsWindow.h">
      <Filter>Platform\Windows</Filter>
    </ClInclude>
    <ClInclude Include="src\oepch.h" />
    <ClInclude Include="src\OpenEngine\Renderer\GraphicsContext.h" />
    <ClInclude Include="src\Platform\OpenGL\OpenGLContext.h" />
    <ClInclude Include="src\OpenEngine\Renderer\Shader.h" />
    <ClInclude Include="src\OpenEngine\Renderer\Buffer.h" />
    <ClInclude Include="src\Platform\OpenGL\OpenGLBuffer.h" />
    <ClInclude Include="src\OpenEngine\Renderer\Renderer.h" />
    <ClInclude Include="src\Platform\OpenGL\OpenGLShader.h" />
  </ItemGroup>
  <ItemGroup>
    <ClCompile Include="src\OpenEngine\Application.cpp">
      <Filter>OpenEngine</Filter>
    </ClCompile>
    <ClCompile Include="src\OpenEngine\ImGui\ImGuiBuild.cpp">
      <Filter>OpenEngine\ImGui</Filter>
    </ClCompile>
    <ClCompile Include="src\OpenEngine\ImGui\ImGuiLayer.cpp">
      <Filter>OpenEngine\ImGui</Filter>
    </ClCompile>
    <ClCompile Include="src\OpenEngine\Layer.cpp">
      <Filter>OpenEngine</Filter>
    </ClCompile>
    <ClCompile Include="src\OpenEngine\LayerStack.cpp">
      <Filter>OpenEngine</Filter>
    </ClCompile>
    <ClCompile Include="src\OpenEngine\Log.cpp">
      <Filter>OpenEngine</Filter>
    </ClCompile>
    <ClCompile Include="src\Platform\Windows\WindowsInput.cpp">
      <Filter>Platform\Windows</Filter>
    </ClCompile>
    <ClCompile Include="src\Platform\Windows\WindowsWindow.cpp">
      <Filter>Platform\Windows</Filter>
    </ClCompile>
    <ClCompile Include="src\oepch.cpp" />
    <ClCompile Include="src\Platform\OpenGL\OpenGLContext.cpp" />
    <ClCompile Include="src\OpenEngine\Renderer\Shader.cpp" />
    <ClCompile Include="src\OpenEngine\Renderer\Buffer.cpp" />
    <ClCompile Include="src\Platform\OpenGL\OpenGLBuffer.cpp" />
    <ClCompile Include="src\OpenEngine\Renderer\Renderer.cpp" />
    <ClCompile Include="src\Platform\OpenGL\OpenGLShader.cpp" />
  </ItemGroup>
</Project>