<?xml version="1.0" encoding="utf-8"?>
<Project ToolsVersion="4.0" xmlns="http://schemas.microsoft.com/developer/msbuild/2003">
  <ItemGroup>
    <Filter Include="FlappyBird">
      <UniqueIdentifier>{92D272B5-7E8A-B402-E791-8D5ED3684FF3}</UniqueIdentifier>
    </Filter>
    <Filter Include="Panels">
      <UniqueIdentifier>{A80D95C9-94AF-BF9F-7D6A-D3F369AB46F0}</UniqueIdentifier>
    </Filter>
  </ItemGroup>
  <ItemGroup>
    <ClInclude Include="src\CubeSpawner.h" />
    <ClInclude Include="src\EditorLayer.h" />
    <ClInclude Include="src\FPSCameraController.h" />
    <ClInclude Include="src\FlappyBird\Camera.h">
      <Filter>FlappyBird</Filter>
    </ClInclude>
    <ClInclude Include="src\FlappyBird\Ground.h">
      <Filter>FlappyBird</Filter>
    </ClInclude>
    <ClInclude Include="src\FlappyBird\Player.h">
      <Filter>FlappyBird</Filter>
    </ClInclude>
    <ClInclude Include="src\Panels\ContentBrowserPanel.h">
      <Filter>Panels</Filter>
    </ClInclude>
    <ClInclude Include="src\Panels\MaterialPanel.h">
      <Filter>Panels</Filter>
    </ClInclude>
    <ClInclude Include="src\Panels\SceneHierarchy.h">
      <Filter>Panels</Filter>
    </ClInclude>
  </ItemGroup>
  <ItemGroup>
    <ClCompile Include="src\CubeSpawner.cpp" />
    <ClCompile Include="src\EditorLayer.cpp" />
    <ClCompile Include="src\FPSCameraController.cpp" />
    <ClCompile Include="src\FlappyBird\Camera.cpp">
      <Filter>FlappyBird</Filter>
    </ClCompile>
    <ClCompile Include="src\FlappyBird\Ground.cpp">
      <Filter>FlappyBird</Filter>
    </ClCompile>
    <ClCompile Include="src\FlappyBird\Player.cpp">
      <Filter>FlappyBird</Filter>
    </ClCompile>
    <ClCompile Include="src\OpenEngineEditorApp.cpp" />
    <ClCompile Include="src\Panels\ContentBrowserPanel.cpp">
      <Filter>Panels</Filter>
    </ClCompile>
    <ClCompile Include="src\Panels\MaterialPanel.cpp">
      <Filter>Panels</Filter>
    </ClCompile>
    <ClCompile Include="src\Panels\SceneHierarchy.cpp">
      <Filter>Panels</Filter>
    </ClCompile>
  </ItemGroup>
</Project>