<?xml version="1.0" encoding="utf-8"?>
<Project ToolsVersion="4.0" xmlns="http://schemas.microsoft.com/developer/msbuild/2003">
  <ItemGroup>
    <Filter Include="src">
      <UniqueIdentifier>{2DAB880B-99B4-887C-2230-9F7C8E38947C}</UniqueIdentifier>
    </Filter>
    <Filter Include="vendor">
      <UniqueIdentifier>{B3738122-9F15-ACF8-88D0-BF4C74113349}</UniqueIdentifier>
    </Filter>
    <Filter Include="vendor\EnTT">
      <UniqueIdentifier>{7DF066C1-E9A5-DFB6-729A-D98DDE4ED6BA}</UniqueIdentifier>
    </Filter>
    <Filter Include="vendor\EnTT\include">
      <UniqueIdentifier>{F044A74C-5CA6-845A-E513-CB0C5174BB19}</UniqueIdentifier>
    </Filter>
  </ItemGroup>
  <ItemGroup>
    <ClInclude Include="src\EditorLayer.h">
      <Filter>src</Filter>
    </ClInclude>
    <ClInclude Include="vendor\EnTT\include\entt.hpp">
      <Filter>vendor\EnTT\include</Filter>
    </ClInclude>
  </ItemGroup>
  <ItemGroup>
    <ClCompile Include="src\EditorLayer.cpp">
      <Filter>src</Filter>
    </ClCompile>
    <ClCompile Include="src\OpenEngineEditorApp.cpp">
      <Filter>src</Filter>
    </ClCompile>
  </ItemGroup>
</Project>